// !$*UTF8*$!
{
	archiveVersion = 1;
	classes = {
	};
	objectVersion = 56;
	objects = {
		78F2DE194D6F40A887D5C13F /* Project object */ = {isa = PBXProject; attributes = {LastUpgradeCheck = 2660; TargetAttributes = { 1D62CFEBC34E4F23918C8077 = { CreatedOnToolsVersion = 26.6; }; 7662185E1FDB4C0D992A0BCB = { CreatedOnToolsVersion = 26.6; TestTargetID = 1D62CFEBC34E4F23918C8077; }; }; }; buildConfigurationList = 91E01C6293D2432986DB34C6 /* Project configuration list */; compatibilityVersion = "Xcode 3.2"; developmentRegion = en; hasScannedForEncodings = 0; knownRegions = ( en, Base, ); mainGroup = 7C5AC52F660F4598AD77EED5; productRefGroup = 1D1D6E4726834B21AE930368; projectDirPath = ""; projectRoot = ""; targets = ( 1D62CFEBC34E4F23918C8077, 7662185E1FDB4C0D992A0BCB, ); };
		91E01C6293D2432986DB34C6 = {isa = XCConfigurationList; buildConfigurations = ( D0CFBBA4CB634AEBAC334ABC, 8613EA720D3745FF891A5C34, ); defaultConfigurationIsVisible = 0; defaultConfigurationName = Release; };
		D0CFBBA4CB634AEBAC334ABC = {isa = XCBuildConfiguration; buildSettings = { MACOSX_DEPLOYMENT_TARGET = 14.0; SWIFT_VERSION = 6.0; ALWAYS_SEARCH_USER_PATHS = NO; }; name = Debug; };
		8613EA720D3745FF891A5C34 = {isa = XCBuildConfiguration; buildSettings = { MACOSX_DEPLOYMENT_TARGET = 14.0; SWIFT_VERSION = 6.0; ALWAYS_SEARCH_USER_PATHS = NO; }; name = Release; };
		90AE1C870CCB4F9199FA7CD2 = {isa = XCConfigurationList; buildConfigurations = ( F8154FBD39094D098BD6E08D, 3CE7D74F60934217867CAA11, ); defaultConfigurationIsVisible = 0; defaultConfigurationName = Release; };
		F8154FBD39094D098BD6E08D = {isa = XCBuildConfiguration; buildSettings = { MACOSX_DEPLOYMENT_TARGET = 14.0; SWIFT_VERSION = 6.0; }; name = Debug; };
		3CE7D74F60934217867CAA11 = {isa = XCBuildConfiguration; buildSettings = { MACOSX_DEPLOYMENT_TARGET = 14.0; SWIFT_VERSION = 6.0; }; name = Release; };
		4810ADEF30934C319173A81E = {isa = XCConfigurationList; buildConfigurations = ( F65A8FDA370542398C3B660F, 9BF56287A31042B79381E9CB, ); defaultConfigurationIsVisible = 0; defaultConfigurationName = Release; };
		F65A8FDA370542398C3B660F = {isa = XCBuildConfiguration; buildSettings = { MACOSX_DEPLOYMENT_TARGET = 14.0; SWIFT_VERSION = 6.0; }; name = Debug; };
		9BF56287A31042B79381E9CB = {isa = XCBuildConfiguration; buildSettings = { MACOSX_DEPLOYMENT_TARGET = 14.0; SWIFT_VERSION = 6.0; }; name = Release; };
		9E1FA19FA04B45B3A4E582AA /* ModelTapApp.swift */ = {isa = PBXFileReference; lastKnownFileType = sourcecode.swift; path = "ModelTapApp.swift"; sourceTree = "<group>"; };
		5A19382E920B496AA1A2353A /* APIProfile.swift */ = {isa = PBXFileReference; lastKnownFileType = sourcecode.swift; path = "APIProfile.swift"; sourceTree = "<group>"; };
		64BBEAAE899945119BD205C1 /* AppState.swift */ = {isa = PBXFileReference; lastKnownFileType = sourcecode.swift; path = "AppState.swift"; sourceTree = "<group>"; };
		10FF326690A74EDE8628FA8B /* ModelInfo.swift */ = {isa = PBXFileReference; lastKnownFileType = sourcecode.swift; path = "ModelInfo.swift"; sourceTree = "<group>"; };
		6E62B71409CB4664853431AB /* ModelTestRecord.swift */ = {isa = PBXFileReference; lastKnownFileType = sourcecode.swift; path = "ModelTestRecord.swift"; sourceTree = "<group>"; };
		0216BB625DBE43F09D9A9045 /* APIClient.swift */ = {isa = PBXFileReference; lastKnownFileType = sourcecode.swift; path = "APIClient.swift"; sourceTree = "<group>"; };
		5B8903D71C754464999BA88B /* BatchTestRunner.swift */ = {isa = PBXFileReference; lastKnownFileType = sourcecode.swift; path = "BatchTestRunner.swift"; sourceTree = "<group>"; };
		6BAD793A284A4D9E958C6F4D /* EndpointResolver.swift */ = {isa = PBXFileReference; lastKnownFileType = sourcecode.swift; path = "EndpointResolver.swift"; sourceTree = "<group>"; };
		9E0DAF25F26E4A3B80BC88A2 /* ModelDiscoveryService.swift */ = {isa = PBXFileReference; lastKnownFileType = sourcecode.swift; path = "ModelDiscoveryService.swift"; sourceTree = "<group>"; };
		C7E831E178624DF595F0A870 /* ModelTestService.swift */ = {isa = PBXFileReference; lastKnownFileType = sourcecode.swift; path = "ModelTestService.swift"; sourceTree = "<group>"; };
		94143B0EF2674A139FE8B581 /* ProfileRepository.swift */ = {isa = PBXFileReference; lastKnownFileType = sourcecode.swift; path = "ProfileRepository.swift"; sourceTree = "<group>"; };
		DA47BB5992094A25AF4C86D8 /* LocalAPIKeyCipher.swift */ = {isa = PBXFileReference; lastKnownFileType = sourcecode.swift; path = "LocalAPIKeyCipher.swift"; sourceTree = "<group>"; };
		E06F699D18184AF18471148A /* Clipboard.swift */ = {isa = PBXFileReference; lastKnownFileType = sourcecode.swift; path = "Clipboard.swift"; sourceTree = "<group>"; };
		FF4240D2843E40C888D4E8F7 /* ContinuousClock+TimeInterval.swift */ = {isa = PBXFileReference; lastKnownFileType = sourcecode.swift; path = "ContinuousClock+TimeInterval.swift"; sourceTree = "<group>"; };
		A53F081DDF6D4BBA8803B297 /* Formatters.swift */ = {isa = PBXFileReference; lastKnownFileType = sourcecode.swift; path = "Formatters.swift"; sourceTree = "<group>"; };
		2CDB23AE62A24D6786A76033 /* PreviewData.swift */ = {isa = PBXFileReference; lastKnownFileType = sourcecode.swift; path = "PreviewData.swift"; sourceTree = "<group>"; };
		72E1982A460249B7B2E9CB5A /* Redaction.swift */ = {isa = PBXFileReference; lastKnownFileType = sourcecode.swift; path = "Redaction.swift"; sourceTree = "<group>"; };
		DAE2922F441845A8B9A35BAB /* ContentViewModel.swift */ = {isa = PBXFileReference; lastKnownFileType = sourcecode.swift; path = "ContentViewModel.swift"; sourceTree = "<group>"; };
		A05A4E1DEF424A4F8F647FE2 /* ContentView.swift */ = {isa = PBXFileReference; lastKnownFileType = sourcecode.swift; path = "ContentView.swift"; sourceTree = "<group>"; };
		EE43F9802F714CD19DA4EFF7 /* ModelListView.swift */ = {isa = PBXFileReference; lastKnownFileType = sourcecode.swift; path = "ModelListView.swift"; sourceTree = "<group>"; };
		3A1760A76D7B4B81B0E07FB3 /* ModelRowView.swift */ = {isa = PBXFileReference; lastKnownFileType = sourcecode.swift; path = "ModelRowView.swift"; sourceTree = "<group>"; };
		EB1AB8B4A8FC4DCF97E38B95 /* Preview.swift */ = {isa = PBXFileReference; lastKnownFileType = sourcecode.swift; path = "Preview.swift"; sourceTree = "<group>"; };
		5760290B71ED410AA071F62A /* ProfileEditorView.swift */ = {isa = PBXFileReference; lastKnownFileType = sourcecode.swift; path = "ProfileEditorView.swift"; sourceTree = "<group>"; };
		78D948BC298D45CD93D6B123 /* ProfileListView.swift */ = {isa = PBXFileReference; lastKnownFileType = sourcecode.swift; path = "ProfileListView.swift"; sourceTree = "<group>"; };
		F54E00DDA9604A02AFFEF6E4 /* SettingsView.swift */ = {isa = PBXFileReference; lastKnownFileType = sourcecode.swift; path = "SettingsView.swift"; sourceTree = "<group>"; };
		CDCC9CB48DDD4F20872F302F /* TestDetailView.swift */ = {isa = PBXFileReference; lastKnownFileType = sourcecode.swift; path = "TestDetailView.swift"; sourceTree = "<group>"; };
		A1B2C3D4E5F6478899AABBCC /* Assets.xcassets */ = {isa = PBXFileReference; lastKnownFileType = folder.assetcatalog; path = Assets.xcassets; sourceTree = "<group>"; };
		389B27785DE94E3BB2CB3BC4 /* EndpointResolverTests.swift */ = {isa = PBXFileReference; lastKnownFileType = sourcecode.swift; path = "EndpointResolverTests.swift"; sourceTree = "<group>"; };
		8397AFAA3A0B4346819FD6B6 /* NetworkingTests.swift */ = {isa = PBXFileReference; lastKnownFileType = sourcecode.swift; path = "NetworkingTests.swift"; sourceTree = "<group>"; };
		75A5646C65FE43D6A9CFB734 /* SecurityAndBatchTests.swift */ = {isa = PBXFileReference; lastKnownFileType = sourcecode.swift; path = "SecurityAndBatchTests.swift"; sourceTree = "<group>"; };
		9449E829AD4647F18B27BC8A /* ModelTap.app */ = {isa = PBXFileReference; explicitFileType = wrapper.application; includeInIndex = 0; path = ModelTap.app; sourceTree = BUILT_PRODUCTS_DIR; };
		3ED408F160514ABAADE59ABE /* ModelTapTests.xctest */ = {isa = PBXFileReference; explicitFileType = wrapper.cfbundle; includeInIndex = 0; path = ModelTapTests.xctest; sourceTree = BUILT_PRODUCTS_DIR; };
		0FCF18A2680F4F09ABFBFA82 = {isa = PBXSourcesBuildPhase; buildActionMask = 2147483647; files = ( 26166A8051684E89AC6ED4E8 /* ModelTapApp.swift in Sources */, 16863421A09F4B798BDB9BAC /* APIProfile.swift in Sources */, ED14695653DD438985C75CC1 /* AppState.swift in Sources */, 2C80A75B08D94AA68B13C74F /* ModelInfo.swift in Sources */, 05A2DD4B56DC4AE2ABBDC034 /* ModelTestRecord.swift in Sources */, 01397DFADEE74C438208D2B9 /* APIClient.swift in Sources */, 52424CC710E948B3B6C803BF /* BatchTestRunner.swift in Sources */, B7BF4360DDCB4ABAB21A28AC /* EndpointResolver.swift in Sources */, ACD4E476083642CB91A8DCB9 /* ModelDiscoveryService.swift in Sources */, D79BB79624824F968D3F21A6 /* ModelTestService.swift in Sources */, F2481A4FFEE54281806906E5 /* ProfileRepository.swift in Sources */, 3714A26A781D420890D0CABF /* LocalAPIKeyCipher.swift in Sources */, 847CC6DF72804818972D667E /* Clipboard.swift in Sources */, 2EC191F7A0B8481AAEDE7F3C /* ContinuousClock+TimeInterval.swift in Sources */, 9229C1028CF849FBBD40381D /* Formatters.swift in Sources */, FC1391A1A35A4CF6AE8650A5 /* PreviewData.swift in Sources */, C2F01EDD0CB34165A81DA159 /* Redaction.swift in Sources */, E1908B7FB3EF45C5B587B0C2 /* ContentViewModel.swift in Sources */, 9218B4BE9BA04A13A689EFB7 /* ContentView.swift in Sources */, 6DD17D1F878B4160A17F434A /* ModelListView.swift in Sources */, 38316114680047A5B687499B /* ModelRowView.swift in Sources */, 2221A40ADEFC442BA312FD20 /* Preview.swift in Sources */, 1285C6F58423401CA61FB481 /* ProfileEditorView.swift in Sources */, FEB3061DC2514B8BAB4276E2 /* ProfileListView.swift in Sources */, 5A87BC1408AF4B1A94461A60 /* SettingsView.swift in Sources */, 9582E949EF9243CBAE121627 /* TestDetailView.swift in Sources */, ); runOnlyForDeploymentPostprocessing = 0; };
		1CCC6D4804C04D70AA3958F9 = {isa = PBXSourcesBuildPhase; buildActionMask = 2147483647; files = ( 6356728EC11341F49F0CD20B /* EndpointResolverTests.swift in Sources */, E28E76FA3B4D40E190D36B6A /* NetworkingTests.swift in Sources */, 6DDC3A8A53EA45C08E6AC55E /* SecurityAndBatchTests.swift in Sources */, ); runOnlyForDeploymentPostprocessing = 0; };
		63F60FB95AD046FC9D0359F3 = {isa = PBXResourcesBuildPhase; buildActionMask = 2147483647; files = ( B1C2D3E4F5A6478899AABBCC /* Assets.xcassets in Resources */, ); runOnlyForDeploymentPostprocessing = 0; };
		7ED75A6FDDA34CEBB560CD70 = {isa = PBXFrameworksBuildPhase; buildActionMask = 2147483647; files = ( ); runOnlyForDeploymentPostprocessing = 0; };
		F3BC42F9705D45909AE62578 = {isa = PBXFrameworksBuildPhase; buildActionMask = 2147483647; files = ( ); runOnlyForDeploymentPostprocessing = 0; };
		B8C0A8B2F2A24D5794A0C4E1 = {isa = PBXContainerItemProxy; containerPortal = 78F2DE194D6F40A887D5C13F /* Project object */; proxyType = 1; remoteGlobalIDString = 1D62CFEBC34E4F23918C8077; remoteInfo = ModelTap; };
		C4A1A4A8E6B04B50A6F0BA6D = {isa = PBXTargetDependency; target = 1D62CFEBC34E4F23918C8077 /* ModelTap */; targetProxy = B8C0A8B2F2A24D5794A0C4E1 /* Project object */; };
		26166A8051684E89AC6ED4E8 /* ModelTapApp.swift in Sources */ = {isa = PBXBuildFile; fileRef = 9E1FA19FA04B45B3A4E582AA /* ModelTapApp.swift */; };
		16863421A09F4B798BDB9BAC /* APIProfile.swift in Sources */ = {isa = PBXBuildFile; fileRef = 5A19382E920B496AA1A2353A /* APIProfile.swift */; };
		ED14695653DD438985C75CC1 /* AppState.swift in Sources */ = {isa = PBXBuildFile; fileRef = 64BBEAAE899945119BD205C1 /* AppState.swift */; };
		2C80A75B08D94AA68B13C74F /* ModelInfo.swift in Sources */ = {isa = PBXBuildFile; fileRef = 10FF326690A74EDE8628FA8B /* ModelInfo.swift */; };
		05A2DD4B56DC4AE2ABBDC034 /* ModelTestRecord.swift in Sources */ = {isa = PBXBuildFile; fileRef = 6E62B71409CB4664853431AB /* ModelTestRecord.swift */; };
		01397DFADEE74C438208D2B9 /* APIClient.swift in Sources */ = {isa = PBXBuildFile; fileRef = 0216BB625DBE43F09D9A9045 /* APIClient.swift */; };
		52424CC710E948B3B6C803BF /* BatchTestRunner.swift in Sources */ = {isa = PBXBuildFile; fileRef = 5B8903D71C754464999BA88B /* BatchTestRunner.swift */; };
		B7BF4360DDCB4ABAB21A28AC /* EndpointResolver.swift in Sources */ = {isa = PBXBuildFile; fileRef = 6BAD793A284A4D9E958C6F4D /* EndpointResolver.swift */; };
		ACD4E476083642CB91A8DCB9 /* ModelDiscoveryService.swift in Sources */ = {isa = PBXBuildFile; fileRef = 9E0DAF25F26E4A3B80BC88A2 /* ModelDiscoveryService.swift */; };
		D79BB79624824F968D3F21A6 /* ModelTestService.swift in Sources */ = {isa = PBXBuildFile; fileRef = C7E831E178624DF595F0A870 /* ModelTestService.swift */; };
		F2481A4FFEE54281806906E5 /* ProfileRepository.swift in Sources */ = {isa = PBXBuildFile; fileRef = 94143B0EF2674A139FE8B581 /* ProfileRepository.swift */; };
		3714A26A781D420890D0CABF /* LocalAPIKeyCipher.swift in Sources */ = {isa = PBXBuildFile; fileRef = DA47BB5992094A25AF4C86D8 /* LocalAPIKeyCipher.swift */; };
		847CC6DF72804818972D667E /* Clipboard.swift in Sources */ = {isa = PBXBuildFile; fileRef = E06F699D18184AF18471148A /* Clipboard.swift */; };
		2EC191F7A0B8481AAEDE7F3C /* ContinuousClock+TimeInterval.swift in Sources */ = {isa = PBXBuildFile; fileRef = FF4240D2843E40C888D4E8F7 /* ContinuousClock+TimeInterval.swift */; };
		9229C1028CF849FBBD40381D /* Formatters.swift in Sources */ = {isa = PBXBuildFile; fileRef = A53F081DDF6D4BBA8803B297 /* Formatters.swift */; };
		FC1391A1A35A4CF6AE8650A5 /* PreviewData.swift in Sources */ = {isa = PBXBuildFile; fileRef = 2CDB23AE62A24D6786A76033 /* PreviewData.swift */; };
		C2F01EDD0CB34165A81DA159 /* Redaction.swift in Sources */ = {isa = PBXBuildFile; fileRef = 72E1982A460249B7B2E9CB5A /* Redaction.swift */; };
		E1908B7FB3EF45C5B587B0C2 /* ContentViewModel.swift in Sources */ = {isa = PBXBuildFile; fileRef = DAE2922F441845A8B9A35BAB /* ContentViewModel.swift */; };
		9218B4BE9BA04A13A689EFB7 /* ContentView.swift in Sources */ = {isa = PBXBuildFile; fileRef = A05A4E1DEF424A4F8F647FE2 /* ContentView.swift */; };
		6DD17D1F878B4160A17F434A /* ModelListView.swift in Sources */ = {isa = PBXBuildFile; fileRef = EE43F9802F714CD19DA4EFF7 /* ModelListView.swift */; };
		38316114680047A5B687499B /* ModelRowView.swift in Sources */ = {isa = PBXBuildFile; fileRef = 3A1760A76D7B4B81B0E07FB3 /* ModelRowView.swift */; };
		2221A40ADEFC442BA312FD20 /* Preview.swift in Sources */ = {isa = PBXBuildFile; fileRef = EB1AB8B4A8FC4DCF97E38B95 /* Preview.swift */; };
		1285C6F58423401CA61FB481 /* ProfileEditorView.swift in Sources */ = {isa = PBXBuildFile; fileRef = 5760290B71ED410AA071F62A /* ProfileEditorView.swift */; };
		FEB3061DC2514B8BAB4276E2 /* ProfileListView.swift in Sources */ = {isa = PBXBuildFile; fileRef = 78D948BC298D45CD93D6B123 /* ProfileListView.swift */; };
		5A87BC1408AF4B1A94461A60 /* SettingsView.swift in Sources */ = {isa = PBXBuildFile; fileRef = F54E00DDA9604A02AFFEF6E4 /* SettingsView.swift */; };
		9582E949EF9243CBAE121627 /* TestDetailView.swift in Sources */ = {isa = PBXBuildFile; fileRef = CDCC9CB48DDD4F20872F302F /* TestDetailView.swift */; };
		B1C2D3E4F5A6478899AABBCC /* Assets.xcassets in Resources */ = {isa = PBXBuildFile; fileRef = A1B2C3D4E5F6478899AABBCC /* Assets.xcassets */; };
		6356728EC11341F49F0CD20B /* EndpointResolverTests.swift in Sources */ = {isa = PBXBuildFile; fileRef = 389B27785DE94E3BB2CB3BC4 /* EndpointResolverTests.swift */; };
		E28E76FA3B4D40E190D36B6A /* NetworkingTests.swift in Sources */ = {isa = PBXBuildFile; fileRef = 8397AFAA3A0B4346819FD6B6 /* NetworkingTests.swift */; };
		6DDC3A8A53EA45C08E6AC55E /* SecurityAndBatchTests.swift in Sources */ = {isa = PBXBuildFile; fileRef = 75A5646C65FE43D6A9CFB734 /* SecurityAndBatchTests.swift */; };
		5B0765F6F7044D54B9001663 = {isa = XCBuildConfiguration; buildSettings = { ASSETCATALOG_COMPILER_APPICON_NAME = AppIcon; PRODUCT_BUNDLE_IDENTIFIER = com.modeltap.app; PRODUCT_NAME = ModelTap; SWIFT_VERSION = 6.0; MACOSX_DEPLOYMENT_TARGET = 14.0; ENABLE_TESTABILITY = YES; INFOPLIST_KEY_CFBundleDisplayName = ModelTap; INFOPLIST_KEY_LSApplicationCategoryType = "public.app-category.developer-tools"; GENERATE_INFOPLIST_FILE = YES; CODE_SIGN_STYLE = Automatic; }; name = Debug; };
		13DC140D311543C090D91A7C = {isa = XCBuildConfiguration; buildSettings = { ASSETCATALOG_COMPILER_APPICON_NAME = AppIcon; PRODUCT_BUNDLE_IDENTIFIER = com.modeltap.app; PRODUCT_NAME = ModelTap; SWIFT_VERSION = 6.0; MACOSX_DEPLOYMENT_TARGET = 14.0; INFOPLIST_KEY_CFBundleDisplayName = ModelTap; INFOPLIST_KEY_LSApplicationCategoryType = "public.app-category.developer-tools"; GENERATE_INFOPLIST_FILE = YES; CODE_SIGN_STYLE = Automatic; }; name = Release; };
		A8C9545A800448F6A4FF9F4E = {isa = XCBuildConfiguration; buildSettings = { PRODUCT_BUNDLE_IDENTIFIER = com.modeltap.tests; PRODUCT_NAME = ModelTapTests; SWIFT_VERSION = 6.0; MACOSX_DEPLOYMENT_TARGET = 14.0; GENERATE_INFOPLIST_FILE = YES; TEST_HOST = "$(BUILT_PRODUCTS_DIR)/ModelTap.app/Contents/MacOS/ModelTap"; BUNDLE_LOADER = "$(TEST_HOST)"; }; name = Debug; };
		ED6F55DBA3A94B62ADC3422B = {isa = XCBuildConfiguration; buildSettings = { PRODUCT_BUNDLE_IDENTIFIER = com.modeltap.tests; PRODUCT_NAME = ModelTapTests; SWIFT_VERSION = 6.0; MACOSX_DEPLOYMENT_TARGET = 14.0; GENERATE_INFOPLIST_FILE = YES; TEST_HOST = "$(BUILT_PRODUCTS_DIR)/ModelTap.app/Contents/MacOS/ModelTap"; BUNDLE_LOADER = "$(TEST_HOST)"; }; name = Release; };
		90AE1C870CCB4F9199FA7CD2 = {isa = XCConfigurationList; buildConfigurations = ( 5B0765F6F7044D54B9001663, 13DC140D311543C090D91A7C, ); defaultConfigurationIsVisible = 0; defaultConfigurationName = Release; };
		4810ADEF30934C319173A81E = {isa = XCConfigurationList; buildConfigurations = ( A8C9545A800448F6A4FF9F4E, ED6F55DBA3A94B62ADC3422B, ); defaultConfigurationIsVisible = 0; defaultConfigurationName = Release; };
		1D62CFEBC34E4F23918C8077 /* ModelTap */ = {isa = PBXNativeTarget; buildConfigurationList = 90AE1C870CCB4F9199FA7CD2; buildPhases = ( 0FCF18A2680F4F09ABFBFA82, 63F60FB95AD046FC9D0359F3, 7ED75A6FDDA34CEBB560CD70, ); buildRules = ( ); dependencies = ( ); name = ModelTap; productName = ModelTap; productReference = 9449E829AD4647F18B27BC8A; productType = "com.apple.product-type.application"; };
		7662185E1FDB4C0D992A0BCB /* ModelTapTests */ = {isa = PBXNativeTarget; buildConfigurationList = 4810ADEF30934C319173A81E; buildPhases = ( 1CCC6D4804C04D70AA3958F9, F3BC42F9705D45909AE62578, ); buildRules = ( ); dependencies = ( C4A1A4A8E6B04B50A6F0BA6D /* ModelTap */ ); name = ModelTapTests; productName = ModelTapTests; productReference = 3ED408F160514ABAADE59ABE; productType = "com.apple.product-type.bundle.unit-test"; };
		6385771221AC47649D52853D /* Models */ = {isa = PBXGroup; children = ( EE43F9802F714CD19DA4EFF7 /* ModelListView.swift */, 3A1760A76D7B4B81B0E07FB3 /* ModelRowView.swift */, ); path = "Models"; sourceTree = "<group>"; };
		C9CB72307C7D4F1A9217F093 /* Profiles */ = {isa = PBXGroup; children = ( 5760290B71ED410AA071F62A /* ProfileEditorView.swift */, 78D948BC298D45CD93D6B123 /* ProfileListView.swift */, ); path = "Profiles"; sourceTree = "<group>"; };
		AAC25198C1A6459092377687 /* Testing */ = {isa = PBXGroup; children = ( CDCC9CB48DDD4F20872F302F /* TestDetailView.swift */, ); path = "Testing"; sourceTree = "<group>"; };
		DF0936BA426B4C108A98EF1D /* App */ = {isa = PBXGroup; children = ( 9E1FA19FA04B45B3A4E582AA /* ModelTapApp.swift */, ); path = "App"; sourceTree = "<group>"; };
		10381AEEC0E443E2853F8CD5 /* Models */ = {isa = PBXGroup; children = ( 5A19382E920B496AA1A2353A /* APIProfile.swift */, 64BBEAAE899945119BD205C1 /* AppState.swift */, 10FF326690A74EDE8628FA8B /* ModelInfo.swift */, 6E62B71409CB4664853431AB /* ModelTestRecord.swift */, ); path = "Models"; sourceTree = "<group>"; };
		034D8EEF0E7D44FB97395A5D /* Networking */ = {isa = PBXGroup; children = ( 0216BB625DBE43F09D9A9045 /* APIClient.swift */, 5B8903D71C754464999BA88B /* BatchTestRunner.swift */, 6BAD793A284A4D9E958C6F4D /* EndpointResolver.swift */, 9E0DAF25F26E4A3B80BC88A2 /* ModelDiscoveryService.swift */, C7E831E178624DF595F0A870 /* ModelTestService.swift */, ); path = "Networking"; sourceTree = "<group>"; };
		0E5FDA62F259410EBB19ACD0 /* Persistence */ = {isa = PBXGroup; children = ( 94143B0EF2674A139FE8B581 /* ProfileRepository.swift */, ); path = "Persistence"; sourceTree = "<group>"; };
		41D980FF80BA4F74B81CB4E8 /* Security */ = {isa = PBXGroup; children = ( DA47BB5992094A25AF4C86D8 /* LocalAPIKeyCipher.swift */, ); path = "Security"; sourceTree = "<group>"; };
		8EE1E8FE6007454FA6E9E255 /* Utilities */ = {isa = PBXGroup; children = ( E06F699D18184AF18471148A /* Clipboard.swift */, FF4240D2843E40C888D4E8F7 /* ContinuousClock+TimeInterval.swift */, A53F081DDF6D4BBA8803B297 /* Formatters.swift */, 2CDB23AE62A24D6786A76033 /* PreviewData.swift */, 72E1982A460249B7B2E9CB5A /* Redaction.swift */, ); path = "Utilities"; sourceTree = "<group>"; };
		9729FDF1D4C94A5FA9209722 /* ViewModels */ = {isa = PBXGroup; children = ( DAE2922F441845A8B9A35BAB /* ContentViewModel.swift */, ); path = "ViewModels"; sourceTree = "<group>"; };
		043029C92B524088912EBBBC /* Views */ = {isa = PBXGroup; children = ( A05A4E1DEF424A4F8F647FE2 /* ContentView.swift */, EB1AB8B4A8FC4DCF97E38B95 /* Preview.swift */, F54E00DDA9604A02AFFEF6E4 /* SettingsView.swift */, 6385771221AC47649D52853D /* Models */, C9CB72307C7D4F1A9217F093 /* Profiles */, AAC25198C1A6459092377687 /* Testing */, ); path = "Views"; sourceTree = "<group>"; };
		FE476E8E9B374F0691DB855F /* ModelTap */ = {isa = PBXGroup; children = ( A1B2C3D4E5F6478899AABBCC /* Assets.xcassets */, DF0936BA426B4C108A98EF1D /* App */, 10381AEEC0E443E2853F8CD5 /* Models */, 034D8EEF0E7D44FB97395A5D /* Networking */, 0E5FDA62F259410EBB19ACD0 /* Persistence */, 41D980FF80BA4F74B81CB4E8 /* Security */, 8EE1E8FE6007454FA6E9E255 /* Utilities */, 9729FDF1D4C94A5FA9209722 /* ViewModels */, 043029C92B524088912EBBBC /* Views */, ); path = "ModelTap"; sourceTree = "<group>"; };
		77C2CA950D9441889FB5746B /* ModelTapTests */ = {isa = PBXGroup; children = ( 389B27785DE94E3BB2CB3BC4 /* EndpointResolverTests.swift */, 8397AFAA3A0B4346819FD6B6 /* NetworkingTests.swift */, 75A5646C65FE43D6A9CFB734 /* SecurityAndBatchTests.swift */, ); path = "ModelTapTests"; sourceTree = "<group>"; };
		1D1D6E4726834B21AE930368 /* Products */ = {isa = PBXGroup; children = ( 9449E829AD4647F18B27BC8A /* ModelTap.app */, 3ED408F160514ABAADE59ABE /* ModelTapTests.xctest */, ); name = Products; sourceTree = "<group>"; };
		7C5AC52F660F4598AD77EED5 = {isa = PBXGroup; children = ( FE476E8E9B374F0691DB855F, 77C2CA950D9441889FB5746B, 1D1D6E4726834B21AE930368 /* Products */, ); sourceTree = "<group>"; };
	};
	rootObject = 78F2DE194D6F40A887D5C13F /* Project object */;
}
